
Microsoft Visual Studio Solution File, Format Version 12.00
# Visual Studio 2013
VisualStudioVersion = 12.0.40629.0
MinimumVisualStudioVersion = 10.0.40219.1
Project("{8BC9CEB8-8B4A-11D0-8D11-00A0C91BC942}") = "demo2", "demo2\demo2.vcxproj", "{24E88A56-FCEF-4E48-B14C-5FC44BC13460}"
EndProject
Project("{8BC9CEB8-8B4A-11D0-8D11-00A0C91BC942}") = "demo3", "demo3\demo3.vcxproj", "{1EF753A2-C3C6-4B54-9C76-7BDF992B37EE}"
EndProject
Global
	GlobalSection(SolutionConfigurationPlatforms) = preSolution
		Debug|Win32 = Debug|Win32
		Release|Win32 = Release|Win32
	EndGlobalSection
	GlobalSection(ProjectConfigurationPlatforms) = postSolution
		{24E88A56-FCEF-4E48-B14C-5FC44BC13460}.Debug|Win32.ActiveCfg = Debug|Win32
		{24E88A56-FCEF-4E48-B14C-5FC44BC13460}.Debug|Win32.Build.0 = Debug|Win32
		{24E88A56-FCEF-4E48-B14C-5FC44BC13460}.Release|Win32.ActiveCfg = Release|Win32
		{24E88A56-FCEF-4E48-B14C-5FC44BC13460}.Release|Win32.Build.0 = Release|Win32
		{1EF753A2-C3C6-4B54-9C76-7BDF992B37EE}.Debug|Win32.ActiveCfg = Debug|Win32
		{1EF753A2-C3C6-4B54-9C76-7BDF992B37EE}.Debug|Win32.Build.0 = Debug|Win32
		{1EF753A2-C3C6-4B54-9C76-7BDF992B37EE}.Release|Win32.ActiveCfg = Release|Win32
		{1EF753A2-C3C6-4B54-9C76-7BDF992B37EE}.Release|Win32.Build.0 = Release|Win32
	EndGlobalSection
	GlobalSection(SolutionProperties) = preSolution
		HideSolutionNode = FALSE
	EndGlobalSection
EndGlobal
